
Microsoft Visual Studio Solution File, Format Version 12.00
# Visual Studio Version 16
VisualStudioVersion = 16.0.30114.105
MinimumVisualStudioVersion = 10.0.40219.1
Project("{FAE04EC0-301F-11D3-BF4B-00C04F79EFBC}") = "Default_Interface_Implementation", "Default_Interface_Implementation\Default_Interface_Implementation.csproj", "{941908F1-E204-4904-ADF4-1EE6EEC111D8}"
EndProject
Project("{FAE04EC0-301F-11D3-BF4B-00C04F79EFBC}") = "Switch_Expressions_And_Pattern_Matching", "Switch_Expressions_And_Pattern_Matching\Switch_Expressions_And_Pattern_Matching.csproj", "{DEE6E9D8-F1C4-438A-BBB7-86947D04C107}"
EndProject
Project("{FAE04EC0-301F-11D3-BF4B-00C04F79EFBC}") = "Ranges_And_Indices", "Ranges_And_Indices\Ranges_And_Indices.csproj", "{943A52D6-F891-4EC2-8B53-22DFD3F4F207}"
EndProject
Project("{FAE04EC0-301F-11D3-BF4B-00C04F79EFBC}") = "NullableReferenceTypes", "NullableReferenceTypes\NullableReferenceTypes.csproj", "{F3937EB0-B711-469C-B30B-4529AC51A734}"
EndProject
Project("{FAE04EC0-301F-11D3-BF4B-00C04F79EFBC}") = "AsyncStreams_StaticLocalFunctions", "AsyncStreams_StaticLocalFunctions\AsyncStreams_StaticLocalFunctions.csproj", "{9A26FDE9-F9E3-40BF-90B7-188FCB2A3602}"
EndProject
Project("{FAE04EC0-301F-11D3-BF4B-00C04F79EFBC}") = "ReadOnly_Struct_Member", "ReadOnly_Struct_Member\ReadOnly_Struct_Member.csproj", "{9E7FB246-855B-495B-932F-137123E1D2FF}"
EndProject
Global
	GlobalSection(SolutionConfigurationPlatforms) = preSolution
		Debug|Any CPU = Debug|Any CPU
		Debug|x64 = Debug|x64
		Debug|x86 = Debug|x86
		Release|Any CPU = Release|Any CPU
		Release|x64 = Release|x64
		Release|x86 = Release|x86
	EndGlobalSection
	GlobalSection(SolutionProperties) = preSolution
		HideSolutionNode = FALSE
	EndGlobalSection
	GlobalSection(ProjectConfigurationPlatforms) = postSolution
		{941908F1-E204-4904-ADF4-1EE6EEC111D8}.Debug|Any CPU.ActiveCfg = Debug|Any CPU
		{941908F1-E204-4904-ADF4-1EE6EEC111D8}.Debug|Any CPU.Build.0 = Debug|Any CPU
		{941908F1-E204-4904-ADF4-1EE6EEC111D8}.Debug|x64.ActiveCfg = Debug|Any CPU
		{941908F1-E204-4904-ADF4-1EE6EEC111D8}.Debug|x64.Build.0 = Debug|Any CPU
		{941908F1-E204-4904-ADF4-1EE6EEC111D8}.Debug|x86.ActiveCfg = Debug|Any CPU
		{941908F1-E204-4904-ADF4-1EE6EEC111D8}.Debug|x86.Build.0 = Debug|Any CPU
		{941908F1-E204-4904-ADF4-1EE6EEC111D8}.Release|Any CPU.ActiveCfg = Release|Any CPU
		{941908F1-E204-4904-ADF4-1EE6EEC111D8}.Release|Any CPU.Build.0 = Release|Any CPU
		{941908F1-E204-4904-ADF4-1EE6EEC111D8}.Release|x64.ActiveCfg = Release|Any CPU
		{941908F1-E204-4904-ADF4-1EE6EEC111D8}.Release|x64.Build.0 = Release|Any CPU
		{941908F1-E204-4904-ADF4-1EE6EEC111D8}.Release|x86.ActiveCfg = Release|Any CPU
		{941908F1-E204-4904-ADF4-1EE6EEC111D8}.Release|x86.Build.0 = Release|Any CPU
		{DEE6E9D8-F1C4-438A-BBB7-86947D04C107}.Debug|Any CPU.ActiveCfg = Debug|Any CPU
		{DEE6E9D8-F1C4-438A-BBB7-86947D04C107}.Debug|Any CPU.Build.0 = Debug|Any CPU
		{DEE6E9D8-F1C4-438A-BBB7-86947D04C107}.Debug|x64.ActiveCfg = Debug|Any CPU
		{DEE6E9D8-F1C4-438A-BBB7-86947D04C107}.Debug|x64.Build.0 = Debug|Any CPU
		{DEE6E9D8-F1C4-438A-BBB7-86947D04C107}.Debug|x86.ActiveCfg = Debug|Any CPU
		{DEE6E9D8-F1C4-438A-BBB7-86947D04C107}.Debug|x86.Build.0 = Debug|Any CPU
		{DEE6E9D8-F1C4-438A-BBB7-86947D04C107}.Release|Any CPU.ActiveCfg = Release|Any CPU
		{DEE6E9D8-F1C4-438A-BBB7-86947D04C107}.Release|Any CPU.Build.0 = Release|Any CPU
		{DEE6E9D8-F1C4-438A-BBB7-86947D04C107}.Release|x64.ActiveCfg = Release|Any CPU
		{DEE6E9D8-F1C4-438A-BBB7-86947D04C107}.Release|x64.Build.0 = Release|Any CPU
		{DEE6E9D8-F1C4-438A-BBB7-86947D04C107}.Release|x86.ActiveCfg = Release|Any CPU
		{DEE6E9D8-F1C4-438A-BBB7-86947D04C107}.Release|x86.Build.0 = Release|Any CPU
		{943A52D6-F891-4EC2-8B53-22DFD3F4F207}.Debug|Any CPU.ActiveCfg = Debug|Any CPU
		{943A52D6-F891-4EC2-8B53-22DFD3F4F207}.Debug|Any CPU.Build.0 = Debug|Any CPU
		{943A52D6-F891-4EC2-8B53-22DFD3F4F207}.Debug|x64.ActiveCfg = Debug|Any CPU
		{943A52D6-F891-4EC2-8B53-22DFD3F4F207}.Debug|x64.Build.0 = Debug|Any CPU
		{943A52D6-F891-4EC2-8B53-22DFD3F4F207}.Debug|x86.ActiveCfg = Debug|Any CPU
		{943A52D6-F891-4EC2-8B53-22DFD3F4F207}.Debug|x86.Build.0 = Debug|Any CPU
		{943A52D6-F891-4EC2-8B53-22DFD3F4F207}.Release|Any CPU.ActiveCfg = Release|Any CPU
		{943A52D6-F891-4EC2-8B53-22DFD3F4F207}.Release|Any CPU.Build.0 = Release|Any CPU
		{943A52D6-F891-4EC2-8B53-22DFD3F4F207}.Release|x64.ActiveCfg = Release|Any CPU
		{943A52D6-F891-4EC2-8B53-22DFD3F4F207}.Release|x64.Build.0 = Release|Any CPU
		{943A52D6-F891-4EC2-8B53-22DFD3F4F207}.Release|x86.ActiveCfg = Release|Any CPU
		{943A52D6-F891-4EC2-8B53-22DFD3F4F207}.Release|x86.Build.0 = Release|Any CPU
		{F3937EB0-B711-469C-B30B-4529AC51A734}.Debug|Any CPU.ActiveCfg = Debug|Any CPU
		{F3937EB0-B711-469C-B30B-4529AC51A734}.Debug|Any CPU.Build.0 = Debug|Any CPU
		{F3937EB0-B711-469C-B30B-4529AC51A734}.Debug|x64.ActiveCfg = Debug|Any CPU
		{F3937EB0-B711-469C-B30B-4529AC51A734}.Debug|x64.Build.0 = Debug|Any CPU
		{F3937EB0-B711-469C-B30B-4529AC51A734}.Debug|x86.ActiveCfg = Debug|Any CPU
		{F3937EB0-B711-469C-B30B-4529AC51A734}.Debug|x86.Build.0 = Debug|Any CPU
		{F3937EB0-B711-469C-B30B-4529AC51A734}.Release|Any CPU.ActiveCfg = Release|Any CPU
		{F3937EB0-B711-469C-B30B-4529AC51A734}.Release|Any CPU.Build.0 = Release|Any CPU
		{F3937EB0-B711-469C-B30B-4529AC51A734}.Release|x64.ActiveCfg = Release|Any CPU
		{F3937EB0-B711-469C-B30B-4529AC51A734}.Release|x64.Build.0 = Release|Any CPU
		{F3937EB0-B711-469C-B30B-4529AC51A734}.Release|x86.ActiveCfg = Release|Any CPU
		{F3937EB0-B711-469C-B30B-4529AC51A734}.Release|x86.Build.0 = Release|Any CPU
		{9A26FDE9-F9E3-40BF-90B7-188FCB2A3602}.Debug|Any CPU.ActiveCfg = Debug|Any CPU
		{9A26FDE9-F9E3-40BF-90B7-188FCB2A3602}.Debug|Any CPU.Build.0 = Debug|Any CPU
		{9A26FDE9-F9E3-40BF-90B7-188FCB2A3602}.Debug|x64.ActiveCfg = Debug|Any CPU
		{9A26FDE9-F9E3-40BF-90B7-188FCB2A3602}.Debug|x64.Build.0 = Debug|Any CPU
		{9A26FDE9-F9E3-40BF-90B7-188FCB2A3602}.Debug|x86.ActiveCfg = Debug|Any CPU
		{9A26FDE9-F9E3-40BF-90B7-188FCB2A3602}.Debug|x86.Build.0 = Debug|Any CPU
		{9A26FDE9-F9E3-40BF-90B7-188FCB2A3602}.Release|Any CPU.ActiveCfg = Release|Any CPU
		{9A26FDE9-F9E3-40BF-90B7-188FCB2A3602}.Release|Any CPU.Build.0 = Release|Any CPU
		{9A26FDE9-F9E3-40BF-90B7-188FCB2A3602}.Release|x64.ActiveCfg = Release|Any CPU
		{9A26FDE9-F9E3-40BF-90B7-188FCB2A3602}.Release|x64.Build.0 = Release|Any CPU
		{9A26FDE9-F9E3-40BF-90B7-188FCB2A3602}.Release|x86.ActiveCfg = Release|Any CPU
		{9A26FDE9-F9E3-40BF-90B7-188FCB2A3602}.Release|x86.Build.0 = Release|Any CPU
		{9E7FB246-855B-495B-932F-137123E1D2FF}.Debug|Any CPU.ActiveCfg = Debug|Any CPU
		{9E7FB246-855B-495B-932F-137123E1D2FF}.Debug|Any CPU.Build.0 = Debug|Any CPU
		{9E7FB246-855B-495B-932F-137123E1D2FF}.Debug|x64.ActiveCfg = Debug|Any CPU
		{9E7FB246-855B-495B-932F-137123E1D2FF}.Debug|x64.Build.0 = Debug|Any CPU
		{9E7FB246-855B-495B-932F-137123E1D2FF}.Debug|x86.ActiveCfg = Debug|Any CPU
		{9E7FB246-855B-495B-932F-137123E1D2FF}.Debug|x86.Build.0 = Debug|Any CPU
		{9E7FB246-855B-495B-932F-137123E1D2FF}.Release|Any CPU.ActiveCfg = Release|Any CPU
		{9E7FB246-855B-495B-932F-137123E1D2FF}.Release|Any CPU.Build.0 = Release|Any CPU
		{9E7FB246-855B-495B-932F-137123E1D2FF}.Release|x64.ActiveCfg = Release|Any CPU
		{9E7FB246-855B-495B-932F-137123E1D2FF}.Release|x64.Build.0 = Release|Any CPU
		{9E7FB246-855B-495B-932F-137123E1D2FF}.Release|x86.ActiveCfg = Release|Any CPU
		{9E7FB246-855B-495B-932F-137123E1D2FF}.Release|x86.Build.0 = Release|Any CPU
	EndGlobalSection
EndGlobal
